
Microsoft Visual Studio Solution File, Format Version 12.00
Project("{FAE04EC0-301F-11D3-BF4B-00C04F79EFBC}") = "Deer.Sploit.RCE", "Deer.Sploit.RCE.csproj", "{E9FAD522-9A71-4C72-8A28-B54711A1640C}"
EndProject
Global
	GlobalSection(SolutionConfigurationPlatforms) = preSolution
		Debug|Any CPU = Debug|Any CPU
		Release|Any CPU = Release|Any CPU
	EndGlobalSection
	GlobalSection(ProjectConfigurationPlatforms) = postSolution
		{E9FAD522-9A71-4C72-8A28-B54711A1640C}.Debug|Any CPU.ActiveCfg = Debug|Any CPU
		{E9FAD522-9A71-4C72-8A28-B54711A1640C}.Debug|Any CPU.Build.0 = Debug|Any CPU
		{E9FAD522-9A71-4C72-8A28-B54711A1640C}.Release|Any CPU.ActiveCfg = Release|Any CPU
		{E9FAD522-9A71-4C72-8A28-B54711A1640C}.Release|Any CPU.Build.0 = Release|Any CPU
	EndGlobalSection
EndGlobal
